
Microsoft Visual Studio Solution File, Format Version 12.00
# Visual Studio Version 16
VisualStudioVersion = 16.0.29025.244
MinimumVisualStudioVersion = 10.0.40219.1
Project("{9A19103F-16F7-4668-BE54-9A1E7A4F7556}") = "ConstantWrite", "src\ConstantWrite.csproj", "{815267E8-E356-4877-9AEA-F4937D78B878}"
EndProject
Global
	GlobalSection(SolutionConfigurationPlatforms) = preSolution
		Debug|Any CPU = Debug|Any CPU
		Release|Any CPU = Release|Any CPU
	EndGlobalSection
	GlobalSection(ProjectConfigurationPlatforms) = postSolution
		{815267E8-E356-4877-9AEA-F4937D78B878}.Debug|Any CPU.ActiveCfg = Debug|Any CPU
		{815267E8-E356-4877-9AEA-F4937D78B878}.Debug|Any CPU.Build.0 = Debug|Any CPU
		{815267E8-E356-4877-9AEA-F4937D78B878}.Release|Any CPU.ActiveCfg = Release|Any CPU
		{815267E8-E356-4877-9AEA-F4937D78B878}.Release|Any CPU.Build.0 = Release|Any CPU
	EndGlobalSection
	GlobalSection(SolutionProperties) = preSolution
		HideSolutionNode = FALSE
	EndGlobalSection
	GlobalSection(ExtensibilityGlobals) = postSolution
		SolutionGuid = {E61932C4-D4A9-481A-A58F-66735CE26B0A}
	EndGlobalSection
EndGlobal
